
Microsoft Visual Studio Solution File, Format Version 12.00
# Visual Studio Version 17
VisualStudioVersion = 17.14.36203.30 d17.14
MinimumVisualStudioVersion = 10.0.40219.1
Project("{FAE04EC0-301F-11D3-BF4B-00C04F79EFBC}") = "Arcane_Coop", "Arcane_Coop.csproj", "{D7A599A7-E4B2-4C2B-A7F9-4CA1D2D70DA5}"
EndProject
Global
	GlobalSection(SolutionConfigurationPlatforms) = preSolution
		Debug|Any CPU = Debug|Any CPU
		Release|Any CPU = Release|Any CPU
	EndGlobalSection
	GlobalSection(ProjectConfigurationPlatforms) = postSolution
		{D7A599A7-E4B2-4C2B-A7F9-4CA1D2D70DA5}.Debug|Any CPU.ActiveCfg = Debug|Any CPU
		{D7A599A7-E4B2-4C2B-A7F9-4CA1D2D70DA5}.Debug|Any CPU.Build.0 = Debug|Any CPU
		{D7A599A7-E4B2-4C2B-A7F9-4CA1D2D70DA5}.Release|Any CPU.ActiveCfg = Release|Any CPU
		{D7A599A7-E4B2-4C2B-A7F9-4CA1D2D70DA5}.Release|Any CPU.Build.0 = Release|Any CPU
	EndGlobalSection
	GlobalSection(SolutionProperties) = preSolution
		HideSolutionNode = FALSE
	EndGlobalSection
	GlobalSection(ExtensibilityGlobals) = postSolution
		SolutionGuid = {5177B9D6-7A54-4155-A1AB-ED59FB4A0529}
	EndGlobalSection
EndGlobal
